{
  "name": "seed-certification-contract",
  "version": "1.0.0",
  "lockfileVersion": 3,
  "requires": true,
  "packages": {
    "": {
      "name": "seed-certification-contract",
      "version": "1.0.0",
      "dependencies": {
        "fabric-contract-api": "^2.4.0",
        "fabric-shim": "^2.4.0"
      },
      "engines": {
        "node": ">=12",
        "npm": ">=5"
      }
    }
  }
}
